// !$*UTF8*$!
{
	archiveVersion = 1;
	classes = {
	};
	objectVersion = 55;
	objects = {

/* Begin PBXBuildFile section */
		127DCE3D28B5310B00E1F85F /* NewReleasesResponse.swift in Sources */ = {isa = PBXBuildFile; fileRef = 127DCE3C28B5310A00E1F85F /* NewReleasesResponse.swift */; };
		127DCE3F28B5325D00E1F85F /* APIImage.swift in Sources */ = {isa = PBXBuildFile; fileRef = 127DCE3E28B5325D00E1F85F /* APIImage.swift */; };
		127DCE4128B53B9E00E1F85F /* FeaturedPlaylistResponse.swift in Sources */ = {isa = PBXBuildFile; fileRef = 127DCE4028B53B9E00E1F85F /* FeaturedPlaylistResponse.swift */; };
		127DCE4328B683E400E1F85F /* RecommendedGenresResponse.swift in Sources */ = {isa = PBXBuildFile; fileRef = 127DCE4228B683E400E1F85F /* RecommendedGenresResponse.swift */; };
		127DCE4528B68CEC00E1F85F /* RecommendationsResponse.swift in Sources */ = {isa = PBXBuildFile; fileRef = 127DCE4428B68CEC00E1F85F /* RecommendationsResponse.swift */; };
		127DCE4928BD40F200E1F85F /* NewReleaseCollectionViewCell.swift in Sources */ = {isa = PBXBuildFile; fileRef = 127DCE4828BD40F200E1F85F /* NewReleaseCollectionViewCell.swift */; };
		127DCE4B28BD414400E1F85F /* FeaturedPlaylistCollectionViewCell.swift in Sources */ = {isa = PBXBuildFile; fileRef = 127DCE4A28BD414400E1F85F /* FeaturedPlaylistCollectionViewCell.swift */; };
		127DCE4D28BD417400E1F85F /* RecommendedTrackCollectionViewCell.swift in Sources */ = {isa = PBXBuildFile; fileRef = 127DCE4C28BD417400E1F85F /* RecommendedTrackCollectionViewCell.swift */; };
		127DCE4F28BD458C00E1F85F /* NewReleasesCellViewModel.swift in Sources */ = {isa = PBXBuildFile; fileRef = 127DCE4E28BD458C00E1F85F /* NewReleasesCellViewModel.swift */; };
		12DCC95D28ABE4A600CCA19D /* AppDelegate.swift in Sources */ = {isa = PBXBuildFile; fileRef = 12DCC95C28ABE4A600CCA19D /* AppDelegate.swift */; };
		12DCC95F28ABE4A600CCA19D /* SceneDelegate.swift in Sources */ = {isa = PBXBuildFile; fileRef = 12DCC95E28ABE4A600CCA19D /* SceneDelegate.swift */; };
		12DCC96128ABE4A600CCA19D /* HomeViewController.swift in Sources */ = {isa = PBXBuildFile; fileRef = 12DCC96028ABE4A600CCA19D /* HomeViewController.swift */; };
		12DCC96728ABE4A600CCA19D /* Spotify_Youtube_App_.xcdatamodeld in Sources */ = {isa = PBXBuildFile; fileRef = 12DCC96528ABE4A600CCA19D /* Spotify_Youtube_App_.xcdatamodeld */; };
		12DCC96928ABE4AB00CCA19D /* Assets.xcassets in Resources */ = {isa = PBXBuildFile; fileRef = 12DCC96828ABE4AB00CCA19D /* Assets.xcassets */; };
		12DCC96C28ABE4AB00CCA19D /* LaunchScreen.storyboard in Resources */ = {isa = PBXBuildFile; fileRef = 12DCC96A28ABE4AB00CCA19D /* LaunchScreen.storyboard */; };
		12DCC97C28ABED7D00CCA19D /* TabBarViewController.swift in Sources */ = {isa = PBXBuildFile; fileRef = 12DCC97B28ABED7D00CCA19D /* TabBarViewController.swift */; };
		12DCC97E28ABEDA900CCA19D /* SearchViewController.swift in Sources */ = {isa = PBXBuildFile; fileRef = 12DCC97D28ABEDA900CCA19D /* SearchViewController.swift */; };
		12DCC98028ABEDD500CCA19D /* LibraryViewController.swift in Sources */ = {isa = PBXBuildFile; fileRef = 12DCC97F28ABEDD500CCA19D /* LibraryViewController.swift */; };
		12DCC98428ABEE4800CCA19D /* AuthViewController.swift in Sources */ = {isa = PBXBuildFile; fileRef = 12DCC98328ABEE4800CCA19D /* AuthViewController.swift */; };
		12DCC98628ABEE5E00CCA19D /* WelcomeViewController.swift in Sources */ = {isa = PBXBuildFile; fileRef = 12DCC98528ABEE5E00CCA19D /* WelcomeViewController.swift */; };
		12DCC98828ABEE6E00CCA19D /* SettingsViewController.swift in Sources */ = {isa = PBXBuildFile; fileRef = 12DCC98728ABEE6E00CCA19D /* SettingsViewController.swift */; };
		12DCC98A28ABEE7B00CCA19D /* ProfileViewController.swift in Sources */ = {isa = PBXBuildFile; fileRef = 12DCC98928ABEE7B00CCA19D /* ProfileViewController.swift */; };
		12DCC98C28ABEE8700CCA19D /* PlayerViewController.swift in Sources */ = {isa = PBXBuildFile; fileRef = 12DCC98B28ABEE8700CCA19D /* PlayerViewController.swift */; };
		12DCC98E28ABEE9600CCA19D /* PlaylistViewController.swift in Sources */ = {isa = PBXBuildFile; fileRef = 12DCC98D28ABEE9600CCA19D /* PlaylistViewController.swift */; };
		12DCC99028ABEEAA00CCA19D /* SearchResultViewController.swift in Sources */ = {isa = PBXBuildFile; fileRef = 12DCC98F28ABEEAA00CCA19D /* SearchResultViewController.swift */; };
		12DCC99228ABEEEB00CCA19D /* AuthManager.swift in Sources */ = {isa = PBXBuildFile; fileRef = 12DCC99128ABEEEB00CCA19D /* AuthManager.swift */; };
		12DCC99428ABEEFD00CCA19D /* APICaller.swift in Sources */ = {isa = PBXBuildFile; fileRef = 12DCC99328ABEEFD00CCA19D /* APICaller.swift */; };
		12DCC99628ABEF1600CCA19D /* HapticsManager.swift in Sources */ = {isa = PBXBuildFile; fileRef = 12DCC99528ABEF1600CCA19D /* HapticsManager.swift */; };
		12DCC99828ABEF4300CCA19D /* Playlist.swift in Sources */ = {isa = PBXBuildFile; fileRef = 12DCC99728ABEF4300CCA19D /* Playlist.swift */; };
		12DCC99A28ABEF6000CCA19D /* AudioTrack.swift in Sources */ = {isa = PBXBuildFile; fileRef = 12DCC99928ABEF6000CCA19D /* AudioTrack.swift */; };
		12DCC99C28ABEF6F00CCA19D /* Artist.swift in Sources */ = {isa = PBXBuildFile; fileRef = 12DCC99B28ABEF6F00CCA19D /* Artist.swift */; };
		12DCC99E28ABEF7A00CCA19D /* UserProfile.swift in Sources */ = {isa = PBXBuildFile; fileRef = 12DCC99D28ABEF7A00CCA19D /* UserProfile.swift */; };
		12DCC9A028ABFFC500CCA19D /* Extensions.swift in Sources */ = {isa = PBXBuildFile; fileRef = 12DCC99F28ABFFC500CCA19D /* Extensions.swift */; };
		12DCC9A228AD753900CCA19D /* AuthResponse.swift in Sources */ = {isa = PBXBuildFile; fileRef = 12DCC9A128AD753900CCA19D /* AuthResponse.swift */; };
		12DCC9A428AE9D1400CCA19D /* SettingsModels.swift in Sources */ = {isa = PBXBuildFile; fileRef = 12DCC9A328AE9D1400CCA19D /* SettingsModels.swift */; };
/* End PBXBuildFile section */

/* Begin PBXFileReference section */
		127DCE3C28B5310A00E1F85F /* NewReleasesResponse.swift */ = {isa = PBXFileReference; lastKnownFileType = sourcecode.swift; path = NewReleasesResponse.swift; sourceTree = "<group>"; xcLanguageSpecificationIdentifier = xcode.lang.xcfilelist; };
		127DCE3E28B5325D00E1F85F /* APIImage.swift */ = {isa = PBXFileReference; lastKnownFileType = sourcecode.swift; path = APIImage.swift; sourceTree = "<group>"; };
		127DCE4028B53B9E00E1F85F /* FeaturedPlaylistResponse.swift */ = {isa = PBXFileReference; lastKnownFileType = sourcecode.swift; path = FeaturedPlaylistResponse.swift; sourceTree = "<group>"; };
		127DCE4228B683E400E1F85F /* RecommendedGenresResponse.swift */ = {isa = PBXFileReference; lastKnownFileType = sourcecode.swift; path = RecommendedGenresResponse.swift; sourceTree = "<group>"; };
		127DCE4428B68CEC00E1F85F /* RecommendationsResponse.swift */ = {isa = PBXFileReference; lastKnownFileType = sourcecode.swift; path = RecommendationsResponse.swift; sourceTree = "<group>"; };
		127DCE4828BD40F200E1F85F /* NewReleaseCollectionViewCell.swift */ = {isa = PBXFileReference; lastKnownFileType = sourcecode.swift; path = NewReleaseCollectionViewCell.swift; sourceTree = "<group>"; };
		127DCE4A28BD414400E1F85F /* FeaturedPlaylistCollectionViewCell.swift */ = {isa = PBXFileReference; lastKnownFileType = sourcecode.swift; path = FeaturedPlaylistCollectionViewCell.swift; sourceTree = "<group>"; };
		127DCE4C28BD417400E1F85F /* RecommendedTrackCollectionViewCell.swift */ = {isa = PBXFileReference; lastKnownFileType = sourcecode.swift; path = RecommendedTrackCollectionViewCell.swift; sourceTree = "<group>"; };
		127DCE4E28BD458C00E1F85F /* NewReleasesCellViewModel.swift */ = {isa = PBXFileReference; lastKnownFileType = sourcecode.swift; path = NewReleasesCellViewModel.swift; sourceTree = "<group>"; };
		12DCC95928ABE4A600CCA19D /* Spotify(Youtube App).app */ = {isa = PBXFileReference; explicitFileType = wrapper.application; includeInIndex = 0; path = "Spotify(Youtube App).app"; sourceTree = BUILT_PRODUCTS_DIR; };
		12DCC95C28ABE4A600CCA19D /* AppDelegate.swift */ = {isa = PBXFileReference; lastKnownFileType = sourcecode.swift; path = AppDelegate.swift; sourceTree = "<group>"; };
		12DCC95E28ABE4A600CCA19D /* SceneDelegate.swift */ = {isa = PBXFileReference; lastKnownFileType = sourcecode.swift; path = SceneDelegate.swift; sourceTree = "<group>"; };
		12DCC96028ABE4A600CCA19D /* HomeViewController.swift */ = {isa = PBXFileReference; lastKnownFileType = sourcecode.swift; path = HomeViewController.swift; sourceTree = "<group>"; };
		12DCC96628ABE4A600CCA19D /* Spotify_Youtube_App_.xcdatamodel */ = {isa = PBXFileReference; lastKnownFileType = wrapper.xcdatamodel; path = Spotify_Youtube_App_.xcdatamodel; sourceTree = "<group>"; };
		12DCC96828ABE4AB00CCA19D /* Assets.xcassets */ = {isa = PBXFileReference; lastKnownFileType = folder.assetcatalog; path = Assets.xcassets; sourceTree = "<group>"; };
		12DCC96B28ABE4AB00CCA19D /* Base */ = {isa = PBXFileReference; lastKnownFileType = file.storyboard; name = Base; path = Base.lproj/LaunchScreen.storyboard; sourceTree = "<group>"; };
		12DCC96D28ABE4AB00CCA19D /* Info.plist */ = {isa = PBXFileReference; lastKnownFileType = text.plist.xml; path = Info.plist; sourceTree = "<group>"; };
		12DCC97B28ABED7D00CCA19D /* TabBarViewController.swift */ = {isa = PBXFileReference; lastKnownFileType = sourcecode.swift; path = TabBarViewController.swift; sourceTree = "<group>"; };
		12DCC97D28ABEDA900CCA19D /* SearchViewController.swift */ = {isa = PBXFileReference; lastKnownFileType = sourcecode.swift; path = SearchViewController.swift; sourceTree = "<group>"; };
		12DCC97F28ABEDD500CCA19D /* LibraryViewController.swift */ = {isa = PBXFileReference; lastKnownFileType = sourcecode.swift; path = LibraryViewController.swift; sourceTree = "<group>"; };
		12DCC98328ABEE4800CCA19D /* AuthViewController.swift */ = {isa = PBXFileReference; lastKnownFileType = sourcecode.swift; path = AuthViewController.swift; sourceTree = "<group>"; };
		12DCC98528ABEE5E00CCA19D /* WelcomeViewController.swift */ = {isa = PBXFileReference; lastKnownFileType = sourcecode.swift; path = WelcomeViewController.swift; sourceTree = "<group>"; };
		12DCC98728ABEE6E00CCA19D /* SettingsViewController.swift */ = {isa = PBXFileReference; lastKnownFileType = sourcecode.swift; path = SettingsViewController.swift; sourceTree = "<group>"; };
		12DCC98928ABEE7B00CCA19D /* ProfileViewController.swift */ = {isa = PBXFileReference; lastKnownFileType = sourcecode.swift; path = ProfileViewController.swift; sourceTree = "<group>"; };
		12DCC98B28ABEE8700CCA19D /* PlayerViewController.swift */ = {isa = PBXFileReference; lastKnownFileType = sourcecode.swift; path = PlayerViewController.swift; sourceTree = "<group>"; };
		12DCC98D28ABEE9600CCA19D /* PlaylistViewController.swift */ = {isa = PBXFileReference; lastKnownFileType = sourcecode.swift; path = PlaylistViewController.swift; sourceTree = "<group>"; };
		12DCC98F28ABEEAA00CCA19D /* SearchResultViewController.swift */ = {isa = PBXFileReference; lastKnownFileType = sourcecode.swift; path = SearchResultViewController.swift; sourceTree = "<group>"; };
		12DCC99128ABEEEB00CCA19D /* AuthManager.swift */ = {isa = PBXFileReference; lastKnownFileType = sourcecode.swift; path = AuthManager.swift; sourceTree = "<group>"; };
		12DCC99328ABEEFD00CCA19D /* APICaller.swift */ = {isa = PBXFileReference; lastKnownFileType = sourcecode.swift; path = APICaller.swift; sourceTree = "<group>"; };
		12DCC99528ABEF1600CCA19D /* HapticsManager.swift */ = {isa = PBXFileReference; lastKnownFileType = sourcecode.swift; path = HapticsManager.swift; sourceTree = "<group>"; };
		12DCC99728ABEF4300CCA19D /* Playlist.swift */ = {isa = PBXFileReference; lastKnownFileType = sourcecode.swift; path = Playlist.swift; sourceTree = "<group>"; };
		12DCC99928ABEF6000CCA19D /* AudioTrack.swift */ = {isa = PBXFileReference; lastKnownFileType = sourcecode.swift; path = AudioTrack.swift; sourceTree = "<group>"; };
		12DCC99B28ABEF6F00CCA19D /* Artist.swift */ = {isa = PBXFileReference; lastKnownFileType = sourcecode.swift; path = Artist.swift; sourceTree = "<group>"; };
		12DCC99D28ABEF7A00CCA19D /* UserProfile.swift */ = {isa = PBXFileReference; lastKnownFileType = sourcecode.swift; path = UserProfile.swift; sourceTree = "<group>"; };
		12DCC99F28ABFFC500CCA19D /* Extensions.swift */ = {isa = PBXFileReference; lastKnownFileType = sourcecode.swift; path = Extensions.swift; sourceTree = "<group>"; };
		12DCC9A128AD753900CCA19D /* AuthResponse.swift */ = {isa = PBXFileReference; lastKnownFileType = sourcecode.swift; path = AuthResponse.swift; sourceTree = "<group>"; };
		12DCC9A328AE9D1400CCA19D /* SettingsModels.swift */ = {isa = PBXFileReference; lastKnownFileType = sourcecode.swift; path = SettingsModels.swift; sourceTree = "<group>"; };
/* End PBXFileReference section */

/* Begin PBXFrameworksBuildPhase section */
		12DCC95628ABE4A600CCA19D /* Frameworks */ = {
			isa = PBXFrameworksBuildPhase;
			buildActionMask = 2147483647;
			files = (
			);
			runOnlyForDeploymentPostprocessing = 0;
		};
/* End PBXFrameworksBuildPhase section */

/* Begin PBXGroup section */
		127DCE4728BD40A700E1F85F /* Browse */ = {
			isa = PBXGroup;
			children = (
				127DCE4828BD40F200E1F85F /* NewReleaseCollectionViewCell.swift */,
				127DCE4A28BD414400E1F85F /* FeaturedPlaylistCollectionViewCell.swift */,
				127DCE4C28BD417400E1F85F /* RecommendedTrackCollectionViewCell.swift */,
			);
			path = Browse;
			sourceTree = "<group>";
		};
		12DCC95028ABE4A600CCA19D = {
			isa = PBXGroup;
			children = (
				12DCC95B28ABE4A600CCA19D /* Spotify(Youtube App) */,
				12DCC95A28ABE4A600CCA19D /* Products */,
			);
			sourceTree = "<group>";
		};
		12DCC95A28ABE4A600CCA19D /* Products */ = {
			isa = PBXGroup;
			children = (
				12DCC95928ABE4A600CCA19D /* Spotify(Youtube App).app */,
			);
			name = Products;
			sourceTree = "<group>";
		};
		12DCC95B28ABE4A600CCA19D /* Spotify(Youtube App) */ = {
			isa = PBXGroup;
			children = (
				12DCC97A28ABE53C00CCA19D /* Resources */,
				12DCC97928ABE52900CCA19D /* Managers */,
				12DCC97828ABE51C00CCA19D /* ViewModels */,
				12DCC97728ABE51000CCA19D /* Models */,
				12DCC97628ABE50800CCA19D /* View */,
				12DCC97428ABE4EE00CCA19D /* Controllers */,
				12DCC96D28ABE4AB00CCA19D /* Info.plist */,
				12DCC96528ABE4A600CCA19D /* Spotify_Youtube_App_.xcdatamodeld */,
			);
			path = "Spotify(Youtube App)";
			sourceTree = "<group>";
		};
		12DCC97428ABE4EE00CCA19D /* Controllers */ = {
			isa = PBXGroup;
			children = (
				12DCC98228ABEE0F00CCA19D /* Other */,
				12DCC98128ABEE0300CCA19D /* Core */,
			);
			path = Controllers;
			sourceTree = "<group>";
		};
		12DCC97628ABE50800CCA19D /* View */ = {
			isa = PBXGroup;
			children = (
				127DCE4728BD40A700E1F85F /* Browse */,
				12DCC96A28ABE4AB00CCA19D /* LaunchScreen.storyboard */,
			);
			path = View;
			sourceTree = "<group>";
		};
		12DCC97728ABE51000CCA19D /* Models */ = {
			isa = PBXGroup;
			children = (
				12DCC99728ABEF4300CCA19D /* Playlist.swift */,
				12DCC99928ABEF6000CCA19D /* AudioTrack.swift */,
				12DCC99B28ABEF6F00CCA19D /* Artist.swift */,
				12DCC99D28ABEF7A00CCA19D /* UserProfile.swift */,
				12DCC9A128AD753900CCA19D /* AuthResponse.swift */,
				12DCC9A328AE9D1400CCA19D /* SettingsModels.swift */,
				127DCE3C28B5310A00E1F85F /* NewReleasesResponse.swift */,
				127DCE3E28B5325D00E1F85F /* APIImage.swift */,
				127DCE4028B53B9E00E1F85F /* FeaturedPlaylistResponse.swift */,
				127DCE4228B683E400E1F85F /* RecommendedGenresResponse.swift */,
				127DCE4428B68CEC00E1F85F /* RecommendationsResponse.swift */,
			);
			path = Models;
			sourceTree = "<group>";
		};
		12DCC97828ABE51C00CCA19D /* ViewModels */ = {
			isa = PBXGroup;
			children = (
				127DCE4E28BD458C00E1F85F /* NewReleasesCellViewModel.swift */,
			);
			path = ViewModels;
			sourceTree = "<group>";
		};
		12DCC97928ABE52900CCA19D /* Managers */ = {
			isa = PBXGroup;
			children = (
				12DCC99128ABEEEB00CCA19D /* AuthManager.swift */,
				12DCC99328ABEEFD00CCA19D /* APICaller.swift */,
				12DCC99528ABEF1600CCA19D /* HapticsManager.swift */,
			);
			path = Managers;
			sourceTree = "<group>";
		};
		12DCC97A28ABE53C00CCA19D /* Resources */ = {
			isa = PBXGroup;
			children = (
				12DCC96828ABE4AB00CCA19D /* Assets.xcassets */,
				12DCC95C28ABE4A600CCA19D /* AppDelegate.swift */,
				12DCC95E28ABE4A600CCA19D /* SceneDelegate.swift */,
				12DCC99F28ABFFC500CCA19D /* Extensions.swift */,
			);
			path = Resources;
			sourceTree = "<group>";
		};
		12DCC98128ABEE0300CCA19D /* Core */ = {
			isa = PBXGroup;
			children = (
				12DCC96028ABE4A600CCA19D /* HomeViewController.swift */,
				12DCC97B28ABED7D00CCA19D /* TabBarViewController.swift */,
				12DCC97D28ABEDA900CCA19D /* SearchViewController.swift */,
				12DCC97F28ABEDD500CCA19D /* LibraryViewController.swift */,
			);
			path = Core;
			sourceTree = "<group>";
		};
		12DCC98228ABEE0F00CCA19D /* Other */ = {
			isa = PBXGroup;
			children = (
				12DCC98328ABEE4800CCA19D /* AuthViewController.swift */,
				12DCC98528ABEE5E00CCA19D /* WelcomeViewController.swift */,
				12DCC98728ABEE6E00CCA19D /* SettingsViewController.swift */,
				12DCC98928ABEE7B00CCA19D /* ProfileViewController.swift */,
				12DCC98B28ABEE8700CCA19D /* PlayerViewController.swift */,
				12DCC98D28ABEE9600CCA19D /* PlaylistViewController.swift */,
				12DCC98F28ABEEAA00CCA19D /* SearchResultViewController.swift */,
			);
			path = Other;
			sourceTree = "<group>";
		};
/* End PBXGroup section */

/* Begin PBXNativeTarget section */
		12DCC95828ABE4A600CCA19D /* Spotify(Youtube App) */ = {
			isa = PBXNativeTarget;
			buildConfigurationList = 12DCC97028ABE4AB00CCA19D /* Build configuration list for PBXNativeTarget "Spotify(Youtube App)" */;
			buildPhases = (
				12DCC95528ABE4A600CCA19D /* Sources */,
				12DCC95628ABE4A600CCA19D /* Frameworks */,
				12DCC95728ABE4A600CCA19D /* Resources */,
			);
			buildRules = (
			);
			dependencies = (
			);
			name = "Spotify(Youtube App)";
			productName = "Spotify(Youtube App)";
			productReference = 12DCC95928ABE4A600CCA19D /* Spotify(Youtube App).app */;
			productType = "com.apple.product-type.application";
		};
/* End PBXNativeTarget section */

/* Begin PBXProject section */
		12DCC95128ABE4A600CCA19D /* Project object */ = {
			isa = PBXProject;
			attributes = {
				BuildIndependentTargetsInParallel = 1;
				LastSwiftUpdateCheck = 1340;
				LastUpgradeCheck = 1340;
				TargetAttributes = {
					12DCC95828ABE4A600CCA19D = {
						CreatedOnToolsVersion = 13.4.1;
					};
				};
			};
			buildConfigurationList = 12DCC95428ABE4A600CCA19D /* Build configuration list for PBXProject "Spotify(Youtube App) copy 2" */;
			compatibilityVersion = "Xcode 13.0";
			developmentRegion = en;
			hasScannedForEncodings = 0;
			knownRegions = (
				en,
				Base,
			);
			mainGroup = 12DCC95028ABE4A600CCA19D;
			productRefGroup = 12DCC95A28ABE4A600CCA19D /* Products */;
			projectDirPath = "";
			projectRoot = "";
			targets = (
				12DCC95828ABE4A600CCA19D /* Spotify(Youtube App) */,
			);
		};
/* End PBXProject section */

/* Begin PBXResourcesBuildPhase section */
		12DCC95728ABE4A600CCA19D /* Resources */ = {
			isa = PBXResourcesBuildPhase;
			buildActionMask = 2147483647;
			files = (
				12DCC96C28ABE4AB00CCA19D /* LaunchScreen.storyboard in Resources */,
				12DCC96928ABE4AB00CCA19D /* Assets.xcassets in Resources */,
			);
			runOnlyForDeploymentPostprocessing = 0;
		};
/* End PBXResourcesBuildPhase section */

/* Begin PBXSourcesBuildPhase section */
		12DCC95528ABE4A600CCA19D /* Sources */ = {
			isa = PBXSourcesBuildPhase;
			buildActionMask = 2147483647;
			files = (
				127DCE4F28BD458C00E1F85F /* NewReleasesCellViewModel.swift in Sources */,
				12DCC98628ABEE5E00CCA19D /* WelcomeViewController.swift in Sources */,
				127DCE4928BD40F200E1F85F /* NewReleaseCollectionViewCell.swift in Sources */,
				127DCE4D28BD417400E1F85F /* RecommendedTrackCollectionViewCell.swift in Sources */,
				12DCC99A28ABEF6000CCA19D /* AudioTrack.swift in Sources */,
				12DCC99E28ABEF7A00CCA19D /* UserProfile.swift in Sources */,
				12DCC97E28ABEDA900CCA19D /* SearchViewController.swift in Sources */,
				127DCE4328B683E400E1F85F /* RecommendedGenresResponse.swift in Sources */,
				12DCC9A428AE9D1400CCA19D /* SettingsModels.swift in Sources */,
				12DCC96128ABE4A600CCA19D /* HomeViewController.swift in Sources */,
				127DCE3F28B5325D00E1F85F /* APIImage.swift in Sources */,
				12DCC98828ABEE6E00CCA19D /* SettingsViewController.swift in Sources */,
				127DCE3D28B5310B00E1F85F /* NewReleasesResponse.swift in Sources */,
				12DCC99228ABEEEB00CCA19D /* AuthManager.swift in Sources */,
				12DCC98E28ABEE9600CCA19D /* PlaylistViewController.swift in Sources */,
				12DCC95D28ABE4A600CCA19D /* AppDelegate.swift in Sources */,
				12DCC9A028ABFFC500CCA19D /* Extensions.swift in Sources */,
				12DCC99428ABEEFD00CCA19D /* APICaller.swift in Sources */,
				12DCC99628ABEF1600CCA19D /* HapticsManager.swift in Sources */,
				12DCC98C28ABEE8700CCA19D /* PlayerViewController.swift in Sources */,
				12DCC96728ABE4A600CCA19D /* Spotify_Youtube_App_.xcdatamodeld in Sources */,
				12DCC99828ABEF4300CCA19D /* Playlist.swift in Sources */,
				127DCE4B28BD414400E1F85F /* FeaturedPlaylistCollectionViewCell.swift in Sources */,
				12DCC99028ABEEAA00CCA19D /* SearchResultViewController.swift in Sources */,
				12DCC98A28ABEE7B00CCA19D /* ProfileViewController.swift in Sources */,
				12DCC98428ABEE4800CCA19D /* AuthViewController.swift in Sources */,
				12DCC98028ABEDD500CCA19D /* LibraryViewController.swift in Sources */,
				12DCC97C28ABED7D00CCA19D /* TabBarViewController.swift in Sources */,
				127DCE4128B53B9E00E1F85F /* FeaturedPlaylistResponse.swift in Sources */,
				12DCC99C28ABEF6F00CCA19D /* Artist.swift in Sources */,
				12DCC9A228AD753900CCA19D /* AuthResponse.swift in Sources */,
				12DCC95F28ABE4A600CCA19D /* SceneDelegate.swift in Sources */,
				127DCE4528B68CEC00E1F85F /* RecommendationsResponse.swift in Sources */,
			);
			runOnlyForDeploymentPostprocessing = 0;
		};
/* End PBXSourcesBuildPhase section */

/* Begin PBXVariantGroup section */
		12DCC96A28ABE4AB00CCA19D /* LaunchScreen.storyboard */ = {
			isa = PBXVariantGroup;
			children = (
				12DCC96B28ABE4AB00CCA19D /* Base */,
			);
			name = LaunchScreen.storyboard;
			sourceTree = "<group>";
		};
/* End PBXVariantGroup section */

/* Begin XCBuildConfiguration section */
		12DCC96E28ABE4AB00CCA19D /* Debug */ = {
			isa = XCBuildConfiguration;
			buildSettings = {
				ALWAYS_SEARCH_USER_PATHS = NO;
				CLANG_ANALYZER_NONNULL = YES;
				CLANG_ANALYZER_NUMBER_OBJECT_CONVERSION = YES_AGGRESSIVE;
				CLANG_CXX_LANGUAGE_STANDARD = "gnu++17";
				CLANG_ENABLE_MODULES = YES;
				CLANG_ENABLE_OBJC_ARC = YES;
				CLANG_ENABLE_OBJC_WEAK = YES;
				CLANG_WARN_BLOCK_CAPTURE_AUTORELEASING = YES;
				CLANG_WARN_BOOL_CONVERSION = YES;
				CLANG_WARN_COMMA = YES;
				CLANG_WARN_CONSTANT_CONVERSION = YES;
				CLANG_WARN_DEPRECATED_OBJC_IMPLEMENTATIONS = YES;
				CLANG_WARN_DIRECT_OBJC_ISA_USAGE = YES_ERROR;
				CLANG_WARN_DOCUMENTATION_COMMENTS = YES;
				CLANG_WARN_EMPTY_BODY = YES;
				CLANG_WARN_ENUM_CONVERSION = YES;
				CLANG_WARN_INFINITE_RECURSION = YES;
				CLANG_WARN_INT_CONVERSION = YES;
				CLANG_WARN_NON_LITERAL_NULL_CONVERSION = YES;
				CLANG_WARN_OBJC_IMPLICIT_RETAIN_SELF = YES;
				CLANG_WARN_OBJC_LITERAL_CONVERSION = YES;
				CLANG_WARN_OBJC_ROOT_CLASS = YES_ERROR;
				CLANG_WARN_QUOTED_INCLUDE_IN_FRAMEWORK_HEADER = YES;
				CLANG_WARN_RANGE_LOOP_ANALYSIS = YES;
				CLANG_WARN_STRICT_PROTOTYPES = YES;
				CLANG_WARN_SUSPICIOUS_MOVE = YES;
				CLANG_WARN_UNGUARDED_AVAILABILITY = YES_AGGRESSIVE;
				CLANG_WARN_UNREACHABLE_CODE = YES;
				CLANG_WARN__DUPLICATE_METHOD_MATCH = YES;
				COPY_PHASE_STRIP = NO;
				DEBUG_INFORMATION_FORMAT = dwarf;
				ENABLE_STRICT_OBJC_MSGSEND = YES;
				ENABLE_TESTABILITY = YES;
				GCC_C_LANGUAGE_STANDARD = gnu11;
				GCC_DYNAMIC_NO_PIC = NO;
				GCC_NO_COMMON_BLOCKS = YES;
				GCC_OPTIMIZATION_LEVEL = 0;
				GCC_PREPROCESSOR_DEFINITIONS = (
					"DEBUG=1",
					"$(inherited)",
				);
				GCC_WARN_64_TO_32_BIT_CONVERSION = YES;
				GCC_WARN_ABOUT_RETURN_TYPE = YES_ERROR;
				GCC_WARN_UNDECLARED_SELECTOR = YES;
				GCC_WARN_UNINITIALIZED_AUTOS = YES_AGGRESSIVE;
				GCC_WARN_UNUSED_FUNCTION = YES;
				GCC_WARN_UNUSED_VARIABLE = YES;
				IPHONEOS_DEPLOYMENT_TARGET = 15.5;
				MTL_ENABLE_DEBUG_INFO = INCLUDE_SOURCE;
				MTL_FAST_MATH = YES;
				ONLY_ACTIVE_ARCH = YES;
				SDKROOT = iphoneos;
				SWIFT_ACTIVE_COMPILATION_CONDITIONS = DEBUG;
				SWIFT_OPTIMIZATION_LEVEL = "-Onone";
			};
			name = Debug;
		};
		12DCC96F28ABE4AB00CCA19D /* Release */ = {
			isa = XCBuildConfiguration;
			buildSettings = {
				ALWAYS_SEARCH_USER_PATHS = NO;
				CLANG_ANALYZER_NONNULL = YES;
				CLANG_ANALYZER_NUMBER_OBJECT_CONVERSION = YES_AGGRESSIVE;
				CLANG_CXX_LANGUAGE_STANDARD = "gnu++17";
				CLANG_ENABLE_MODULES = YES;
				CLANG_ENABLE_OBJC_ARC = YES;
				CLANG_ENABLE_OBJC_WEAK = YES;
				CLANG_WARN_BLOCK_CAPTURE_AUTORELEASING = YES;
				CLANG_WARN_BOOL_CONVERSION = YES;
				CLANG_WARN_COMMA = YES;
				CLANG_WARN_CONSTANT_CONVERSION = YES;
				CLANG_WARN_DEPRECATED_OBJC_IMPLEMENTATIONS = YES;
				CLANG_WARN_DIRECT_OBJC_ISA_USAGE = YES_ERROR;
				CLANG_WARN_DOCUMENTATION_COMMENTS = YES;
				CLANG_WARN_EMPTY_BODY = YES;
				CLANG_WARN_ENUM_CONVERSION = YES;
				CLANG_WARN_INFINITE_RECURSION = YES;
				CLANG_WARN_INT_CONVERSION = YES;
				CLANG_WARN_NON_LITERAL_NULL_CONVERSION = YES;
				CLANG_WARN_OBJC_IMPLICIT_RETAIN_SELF = YES;
				CLANG_WARN_OBJC_LITERAL_CONVERSION = YES;
				CLANG_WARN_OBJC_ROOT_CLASS = YES_ERROR;
				CLANG_WARN_QUOTED_INCLUDE_IN_FRAMEWORK_HEADER = YES;
				CLANG_WARN_RANGE_LOOP_ANALYSIS = YES;
				CLANG_WARN_STRICT_PROTOTYPES = YES;
				CLANG_WARN_SUSPICIOUS_MOVE = YES;
				CLANG_WARN_UNGUARDED_AVAILABILITY = YES_AGGRESSIVE;
				CLANG_WARN_UNREACHABLE_CODE = YES;
				CLANG_WARN__DUPLICATE_METHOD_MATCH = YES;
				COPY_PHASE_STRIP = NO;
				DEBUG_INFORMATION_FORMAT = "dwarf-with-dsym";
				ENABLE_NS_ASSERTIONS = NO;
				ENABLE_STRICT_OBJC_MSGSEND = YES;
				GCC_C_LANGUAGE_STANDARD = gnu11;
				GCC_NO_COMMON_BLOCKS = YES;
				GCC_WARN_64_TO_32_BIT_CONVERSION = YES;
				GCC_WARN_ABOUT_RETURN_TYPE = YES_ERROR;
				GCC_WARN_UNDECLARED_SELECTOR = YES;
				GCC_WARN_UNINITIALIZED_AUTOS = YES_AGGRESSIVE;
				GCC_WARN_UNUSED_FUNCTION = YES;
				GCC_WARN_UNUSED_VARIABLE = YES;
				IPHONEOS_DEPLOYMENT_TARGET = 15.5;
				MTL_ENABLE_DEBUG_INFO = NO;
				MTL_FAST_MATH = YES;
				SDKROOT = iphoneos;
				SWIFT_COMPILATION_MODE = wholemodule;
				SWIFT_OPTIMIZATION_LEVEL = "-O";
				VALIDATE_PRODUCT = YES;
			};
			name = Release;
		};
		12DCC97128ABE4AB00CCA19D /* Debug */ = {
			isa = XCBuildConfiguration;
			buildSettings = {
				ASSETCATALOG_COMPILER_APPICON_NAME = AppIcon;
				ASSETCATALOG_COMPILER_GLOBAL_ACCENT_COLOR_NAME = AccentColor;
				CODE_SIGN_STYLE = Automatic;
				CURRENT_PROJECT_VERSION = 1;
				DEVELOPMENT_TEAM = 7DC5738NPG;
				GENERATE_INFOPLIST_FILE = YES;
				INFOPLIST_FILE = "Spotify(Youtube App)/Info.plist";
				INFOPLIST_KEY_UIApplicationSupportsIndirectInputEvents = YES;
				INFOPLIST_KEY_UILaunchStoryboardName = LaunchScreen;
				INFOPLIST_KEY_UIMainStoryboardFile = LaunchScreen;
				INFOPLIST_KEY_UISupportedInterfaceOrientations_iPad = "UIInterfaceOrientationPortrait UIInterfaceOrientationPortraitUpsideDown UIInterfaceOrientationLandscapeLeft UIInterfaceOrientationLandscapeRight";
				INFOPLIST_KEY_UISupportedInterfaceOrientations_iPhone = "UIInterfaceOrientationPortrait UIInterfaceOrientationLandscapeLeft UIInterfaceOrientationLandscapeRight";
				LD_RUNPATH_SEARCH_PATHS = (
					"$(inherited)",
					"@executable_path/Frameworks",
				);
				MARKETING_VERSION = 1.0;
				PRODUCT_BUNDLE_IDENTIFIER = "io.aparlato.Spotify-Youtube-App-";
				PRODUCT_NAME = "$(TARGET_NAME)";
				SWIFT_EMIT_LOC_STRINGS = YES;
				SWIFT_VERSION = 5.0;
				TARGETED_DEVICE_FAMILY = "1,2";
			};
			name = Debug;
		};
		12DCC97228ABE4AB00CCA19D /* Release */ = {
			isa = XCBuildConfiguration;
			buildSettings = {
				ASSETCATALOG_COMPILER_APPICON_NAME = AppIcon;
				ASSETCATALOG_COMPILER_GLOBAL_ACCENT_COLOR_NAME = AccentColor;
				CODE_SIGN_STYLE = Automatic;
				CURRENT_PROJECT_VERSION = 1;
				DEVELOPMENT_TEAM = 7DC5738NPG;
				GENERATE_INFOPLIST_FILE = YES;
				INFOPLIST_FILE = "Spotify(Youtube App)/Info.plist";
				INFOPLIST_KEY_UIApplicationSupportsIndirectInputEvents = YES;
				INFOPLIST_KEY_UILaunchStoryboardName = LaunchScreen;
				INFOPLIST_KEY_UIMainStoryboardFile = LaunchScreen;
				INFOPLIST_KEY_UISupportedInterfaceOrientations_iPad = "UIInterfaceOrientationPortrait UIInterfaceOrientationPortraitUpsideDown UIInterfaceOrientationLandscapeLeft UIInterfaceOrientationLandscapeRight";
				INFOPLIST_KEY_UISupportedInterfaceOrientations_iPhone = "UIInterfaceOrientationPortrait UIInterfaceOrientationLandscapeLeft UIInterfaceOrientationLandscapeRight";
				LD_RUNPATH_SEARCH_PATHS = (
					"$(inherited)",
					"@executable_path/Frameworks",
				);
				MARKETING_VERSION = 1.0;
				PRODUCT_BUNDLE_IDENTIFIER = "io.aparlato.Spotify-Youtube-App-";
				PRODUCT_NAME = "$(TARGET_NAME)";
				SWIFT_EMIT_LOC_STRINGS = YES;
				SWIFT_VERSION = 5.0;
				TARGETED_DEVICE_FAMILY = "1,2";
			};
			name = Release;
		};
/* End XCBuildConfiguration section */

/* Begin XCConfigurationList section */
		12DCC95428ABE4A600CCA19D /* Build configuration list for PBXProject "Spotify(Youtube App) copy 2" */ = {
			isa = XCConfigurationList;
			buildConfigurations = (
				12DCC96E28ABE4AB00CCA19D /* Debug */,
				12DCC96F28ABE4AB00CCA19D /* Release */,
			);
			defaultConfigurationIsVisible = 0;
			defaultConfigurationName = Release;
		};
		12DCC97028ABE4AB00CCA19D /* Build configuration list for PBXNativeTarget "Spotify(Youtube App)" */ = {
			isa = XCConfigurationList;
			buildConfigurations = (
				12DCC97128ABE4AB00CCA19D /* Debug */,
				12DCC97228ABE4AB00CCA19D /* Release */,
			);
			defaultConfigurationIsVisible = 0;
			defaultConfigurationName = Release;
		};
/* End XCConfigurationList section */

/* Begin XCVersionGroup section */
		12DCC96528ABE4A600CCA19D /* Spotify_Youtube_App_.xcdatamodeld */ = {
			isa = XCVersionGroup;
			children = (
				12DCC96628ABE4A600CCA19D /* Spotify_Youtube_App_.xcdatamodel */,
			);
			currentVersion = 12DCC96628ABE4A600CCA19D /* Spotify_Youtube_App_.xcdatamodel */;
			path = Spotify_Youtube_App_.xcdatamodeld;
			sourceTree = "<group>";
			versionGroupType = wrapper.xcdatamodel;
		};
/* End XCVersionGroup section */
	};
	rootObject = 12DCC95128ABE4A600CCA19D /* Project object */;
}
